
Microsoft Visual Studio Solution File, Format Version 12.00
# Visual Studio Version 16
VisualStudioVersion = 16.0.30804.86
MinimumVisualStudioVersion = 10.0.40219.1
Project("{9A19103F-16F7-4668-BE54-9A1E7A4F7556}") = "DataAccessLayer", "DataAccessLayer\DataAccessLayer.csproj", "{67493C87-3134-436E-A334-F7E5C3E613E9}"
EndProject
Project("{9A19103F-16F7-4668-BE54-9A1E7A4F7556}") = "SolutionLogic", "SolutionLogic\SolutionLogic.csproj", "{4C9F092D-A13A-455E-A944-C12EC0B2ED9C}"
EndProject
Project("{9A19103F-16F7-4668-BE54-9A1E7A4F7556}") = "WebProductManagement.MVC", "WebProductManagement.MVC\WebProductManagement.MVC.csproj", "{959A880A-C0E6-4E36-A25A-50EFEB51210D}"
EndProject
Global
	GlobalSection(SolutionConfigurationPlatforms) = preSolution
		Debug|Any CPU = Debug|Any CPU
		Release|Any CPU = Release|Any CPU
	EndGlobalSection
	GlobalSection(ProjectConfigurationPlatforms) = postSolution
		{67493C87-3134-436E-A334-F7E5C3E613E9}.Debug|Any CPU.ActiveCfg = Debug|Any CPU
		{67493C87-3134-436E-A334-F7E5C3E613E9}.Debug|Any CPU.Build.0 = Debug|Any CPU
		{67493C87-3134-436E-A334-F7E5C3E613E9}.Release|Any CPU.ActiveCfg = Release|Any CPU
		{67493C87-3134-436E-A334-F7E5C3E613E9}.Release|Any CPU.Build.0 = Release|Any CPU
		{4C9F092D-A13A-455E-A944-C12EC0B2ED9C}.Debug|Any CPU.ActiveCfg = Debug|Any CPU
		{4C9F092D-A13A-455E-A944-C12EC0B2ED9C}.Debug|Any CPU.Build.0 = Debug|Any CPU
		{4C9F092D-A13A-455E-A944-C12EC0B2ED9C}.Release|Any CPU.ActiveCfg = Release|Any CPU
		{4C9F092D-A13A-455E-A944-C12EC0B2ED9C}.Release|Any CPU.Build.0 = Release|Any CPU
		{959A880A-C0E6-4E36-A25A-50EFEB51210D}.Debug|Any CPU.ActiveCfg = Debug|Any CPU
		{959A880A-C0E6-4E36-A25A-50EFEB51210D}.Debug|Any CPU.Build.0 = Debug|Any CPU
		{959A880A-C0E6-4E36-A25A-50EFEB51210D}.Release|Any CPU.ActiveCfg = Release|Any CPU
		{959A880A-C0E6-4E36-A25A-50EFEB51210D}.Release|Any CPU.Build.0 = Release|Any CPU
	EndGlobalSection
	GlobalSection(SolutionProperties) = preSolution
		HideSolutionNode = FALSE
	EndGlobalSection
	GlobalSection(ExtensibilityGlobals) = postSolution
		SolutionGuid = {7BD76D80-9002-46AB-B430-8168A45F922C}
	EndGlobalSection
EndGlobal
